PODS:
  - Capacitor (7.0.1):
    - CapacitorCordova
  - CapacitorApp (7.0.0):
    - Capacitor
  - CapacitorCordova (7.0.1)
  - CapacitorDialog (7.0.0):
    - Capacitor
  - CapacitorHaptics (7.0.0):
    - Capacitor
  - CapacitorKeyboard (7.0.0):
    - Capacitor
  - CapacitorStatusBar (7.0.0):
    - Capacitor
  - CordovaPlugins (7.0.1):
    - CapacitorCordova
    - FaceCoreBasic (= 6.4.1111)
    - FaceSDK (= 6.4.2321)
  - CordovaPluginsResources (0.0.105)
  - FaceCoreBasic (6.4.1111)
  - FaceSDK (6.4.2321):
    - RegulaCommon (= 7.5.935)
  - RegulaCommon (7.5.935)

DEPENDENCIES:
  - "Capacitor (from `../../node_modules/@capacitor/ios`)"
  - "CapacitorApp (from `../../node_modules/@capacitor/app`)"
  - "CapacitorCordova (from `../../node_modules/@capacitor/ios`)"
  - "CapacitorDialog (from `../../node_modules/@capacitor/dialog`)"
  - "CapacitorHaptics (from `../../node_modules/@capacitor/haptics`)"
  - "CapacitorKeyboard (from `../../node_modules/@capacitor/keyboard`)"
  - "CapacitorStatusBar (from `../../node_modules/@capacitor/status-bar`)"
  - CordovaPlugins (from `../capacitor-cordova-ios-plugins`)
  - CordovaPluginsResources (from `../capacitor-cordova-ios-plugins`)

SPEC REPOS:
  trunk:
    - FaceCoreBasic
    - FaceSDK
    - RegulaCommon

EXTERNAL SOURCES:
  Capacitor:
    :path: "../../node_modules/@capacitor/ios"
  CapacitorApp:
    :path: "../../node_modules/@capacitor/app"
  CapacitorCordova:
    :path: "../../node_modules/@capacitor/ios"
  CapacitorDialog:
    :path: "../../node_modules/@capacitor/dialog"
  CapacitorHaptics:
    :path: "../../node_modules/@capacitor/haptics"
  CapacitorKeyboard:
    :path: "../../node_modules/@capacitor/keyboard"
  CapacitorStatusBar:
    :path: "../../node_modules/@capacitor/status-bar"
  CordovaPlugins:
    :path: "../capacitor-cordova-ios-plugins"
  CordovaPluginsResources:
    :path: "../capacitor-cordova-ios-plugins"

SPEC CHECKSUMS:
  Capacitor: de199cba6c8b20995428ad0b7cb0bc6ca625ffd4
  CapacitorApp: 9cb31064a6c6bb2b1438583733a7bf45557fc1da
  CapacitorCordova: 63d476958d5022d76f197031e8b7ea3519988c64
  CapacitorDialog: 6dc6bdd5d285118ff3732470b9f169c14fc564a7
  CapacitorHaptics: 7be406a91e4eb87287f321c6c68e1709d6837b3a
  CapacitorKeyboard: 4db71e694e7afb5d7c0be09b05495c19f7d6c914
  CapacitorStatusBar: a8c4c83ed2e973bdafb979e80e4b00d027832cb7
  CordovaPlugins: a27ffb01883b6395654b17c5bf6efdeb74bcb275
  CordovaPluginsResources: 0c211f770ed91763a179ebcd9b9346e120b70662
  FaceCoreBasic: a2ff9ed108c4d9d67e892df6be5ccc4729f3cda5
  FaceSDK: e96016e36d5507ad9d9ee3b011d735f5fe51829f
  RegulaCommon: 2a6406d2d3ebbd720b66a9cfa5b9631701d343eb

PODFILE CHECKSUM: 7ac4ae020a5105186dfa71a8301fa4cfe36e1eac

COCOAPODS: 1.16.2
